{
  "name": "codekit-project",
  "version": "1.0.0",
  "lockfileVersion": 1,
  "requires": true,
  "dependencies": {
    "wingcss": {
      "version": "1.0.0-beta",
      "resolved": "https://registry.npmjs.org/wingcss/-/wingcss-1.0.0-beta.tgz",
      "integrity": "sha1-DS7DJn6RtHx26zwCBpdl55U8zB0="
    }
  }
}
